
Microsoft Visual Studio Solution File, Format Version 12.00
# Visual Studio Version 16
VisualStudioVersion = 16.0.31409.214
MinimumVisualStudioVersion = 10.0.40219.1
Project("{FAE04EC0-301F-11D3-BF4B-00C04F79EFBC}") = "FCN", "FCN\FCN.csproj", "{3E8996C8-4C44-4C2F-AE65-22C16945A816}"
EndProject
Project("{FAE04EC0-301F-11D3-BF4B-00C04F79EFBC}") = "Cube.UI", "Cube.UI\Cube.UI.csproj", "{73936751-6325-49CE-8A7B-7006D6135B19}"
EndProject
Project("{FAE04EC0-301F-11D3-BF4B-00C04F79EFBC}") = "FCN.Core", "FCN.Core\FCN.Core.csproj", "{462F33B3-4AF0-441C-84DF-A3B17ADFACE4}"
EndProject
Global
	GlobalSection(SolutionConfigurationPlatforms) = preSolution
		Debug|Any CPU = Debug|Any CPU
		Debug|ARM = Debug|ARM
		Debug|ARM64 = Debug|ARM64
		Debug|x64 = Debug|x64
		Debug|x86 = Debug|x86
		Release|Any CPU = Release|Any CPU
		Release|ARM = Release|ARM
		Release|ARM64 = Release|ARM64
		Release|x64 = Release|x64
		Release|x86 = Release|x86
	EndGlobalSection
	GlobalSection(ProjectConfigurationPlatforms) = postSolution
		{3E8996C8-4C44-4C2F-AE65-22C16945A816}.Debug|Any CPU.ActiveCfg = Debug|Any CPU
		{3E8996C8-4C44-4C2F-AE65-22C16945A816}.Debug|Any CPU.Build.0 = Debug|Any CPU
		{3E8996C8-4C44-4C2F-AE65-22C16945A816}.Debug|Any CPU.Deploy.0 = Debug|Any CPU
		{3E8996C8-4C44-4C2F-AE65-22C16945A816}.Debug|ARM.ActiveCfg = Debug|ARM
		{3E8996C8-4C44-4C2F-AE65-22C16945A816}.Debug|ARM.Build.0 = Debug|ARM
		{3E8996C8-4C44-4C2F-AE65-22C16945A816}.Debug|ARM.Deploy.0 = Debug|ARM
		{3E8996C8-4C44-4C2F-AE65-22C16945A816}.Debug|ARM64.ActiveCfg = Debug|ARM64
		{3E8996C8-4C44-4C2F-AE65-22C16945A816}.Debug|ARM64.Build.0 = Debug|ARM64
		{3E8996C8-4C44-4C2F-AE65-22C16945A816}.Debug|ARM64.Deploy.0 = Debug|ARM64
		{3E8996C8-4C44-4C2F-AE65-22C16945A816}.Debug|x64.ActiveCfg = Debug|x64
		{3E8996C8-4C44-4C2F-AE65-22C16945A816}.Debug|x64.Build.0 = Debug|x64
		{3E8996C8-4C44-4C2F-AE65-22C16945A816}.Debug|x64.Deploy.0 = Debug|x64
		{3E8996C8-4C44-4C2F-AE65-22C16945A816}.Debug|x86.ActiveCfg = Debug|x86
		{3E8996C8-4C44-4C2F-AE65-22C16945A816}.Debug|x86.Build.0 = Debug|x86
		{3E8996C8-4C44-4C2F-AE65-22C16945A816}.Debug|x86.Deploy.0 = Debug|x86
		{3E8996C8-4C44-4C2F-AE65-22C16945A816}.Release|Any CPU.ActiveCfg = Release|Any CPU
		{3E8996C8-4C44-4C2F-AE65-22C16945A816}.Release|Any CPU.Build.0 = Release|Any CPU
		{3E8996C8-4C44-4C2F-AE65-22C16945A816}.Release|Any CPU.Deploy.0 = Release|Any CPU
		{3E8996C8-4C44-4C2F-AE65-22C16945A816}.Release|ARM.ActiveCfg = Release|ARM
		{3E8996C8-4C44-4C2F-AE65-22C16945A816}.Release|ARM.Build.0 = Release|ARM
		{3E8996C8-4C44-4C2F-AE65-22C16945A816}.Release|ARM.Deploy.0 = Release|ARM
		{3E8996C8-4C44-4C2F-AE65-22C16945A816}.Release|ARM64.ActiveCfg = Release|ARM64
		{3E8996C8-4C44-4C2F-AE65-22C16945A816}.Release|ARM64.Build.0 = Release|ARM64
		{3E8996C8-4C44-4C2F-AE65-22C16945A816}.Release|ARM64.Deploy.0 = Release|ARM64
		{3E8996C8-4C44-4C2F-AE65-22C16945A816}.Release|x64.ActiveCfg = Release|x64
		{3E8996C8-4C44-4C2F-AE65-22C16945A816}.Release|x64.Build.0 = Release|x64
		{3E8996C8-4C44-4C2F-AE65-22C16945A816}.Release|x64.Deploy.0 = Release|x64
		{3E8996C8-4C44-4C2F-AE65-22C16945A816}.Release|x86.ActiveCfg = Release|x86
		{3E8996C8-4C44-4C2F-AE65-22C16945A816}.Release|x86.Build.0 = Release|x86
		{3E8996C8-4C44-4C2F-AE65-22C16945A816}.Release|x86.Deploy.0 = Release|x86
		{73936751-6325-49CE-8A7B-7006D6135B19}.Debug|Any CPU.ActiveCfg = Debug|Any CPU
		{73936751-6325-49CE-8A7B-7006D6135B19}.Debug|Any CPU.Build.0 = Debug|Any CPU
		{73936751-6325-49CE-8A7B-7006D6135B19}.Debug|ARM.ActiveCfg = Debug|ARM
		{73936751-6325-49CE-8A7B-7006D6135B19}.Debug|ARM.Build.0 = Debug|ARM
		{73936751-6325-49CE-8A7B-7006D6135B19}.Debug|ARM64.ActiveCfg = Debug|ARM64
		{73936751-6325-49CE-8A7B-7006D6135B19}.Debug|ARM64.Build.0 = Debug|ARM64
		{73936751-6325-49CE-8A7B-7006D6135B19}.Debug|x64.ActiveCfg = Debug|x64
		{73936751-6325-49CE-8A7B-7006D6135B19}.Debug|x64.Build.0 = Debug|x64
		{73936751-6325-49CE-8A7B-7006D6135B19}.Debug|x86.ActiveCfg = Debug|x86
		{73936751-6325-49CE-8A7B-7006D6135B19}.Debug|x86.Build.0 = Debug|x86
		{73936751-6325-49CE-8A7B-7006D6135B19}.Release|Any CPU.ActiveCfg = Release|Any CPU
		{73936751-6325-49CE-8A7B-7006D6135B19}.Release|Any CPU.Build.0 = Release|Any CPU
		{73936751-6325-49CE-8A7B-7006D6135B19}.Release|ARM.ActiveCfg = Release|ARM
		{73936751-6325-49CE-8A7B-7006D6135B19}.Release|ARM.Build.0 = Release|ARM
		{73936751-6325-49CE-8A7B-7006D6135B19}.Release|ARM64.ActiveCfg = Release|ARM64
		{73936751-6325-49CE-8A7B-7006D6135B19}.Release|ARM64.Build.0 = Release|ARM64
		{73936751-6325-49CE-8A7B-7006D6135B19}.Release|x64.ActiveCfg = Release|x64
		{73936751-6325-49CE-8A7B-7006D6135B19}.Release|x64.Build.0 = Release|x64
		{73936751-6325-49CE-8A7B-7006D6135B19}.Release|x86.ActiveCfg = Release|x86
		{73936751-6325-49CE-8A7B-7006D6135B19}.Release|x86.Build.0 = Release|x86
		{462F33B3-4AF0-441C-84DF-A3B17ADFACE4}.Debug|Any CPU.ActiveCfg = Debug|Any CPU
		{462F33B3-4AF0-441C-84DF-A3B17ADFACE4}.Debug|Any CPU.Build.0 = Debug|Any CPU
		{462F33B3-4AF0-441C-84DF-A3B17ADFACE4}.Debug|ARM.ActiveCfg = Debug|Any CPU
		{462F33B3-4AF0-441C-84DF-A3B17ADFACE4}.Debug|ARM.Build.0 = Debug|Any CPU
		{462F33B3-4AF0-441C-84DF-A3B17ADFACE4}.Debug|ARM64.ActiveCfg = Debug|Any CPU
		{462F33B3-4AF0-441C-84DF-A3B17ADFACE4}.Debug|ARM64.Build.0 = Debug|Any CPU
		{462F33B3-4AF0-441C-84DF-A3B17ADFACE4}.Debug|x64.ActiveCfg = Debug|Any CPU
		{462F33B3-4AF0-441C-84DF-A3B17ADFACE4}.Debug|x64.Build.0 = Debug|Any CPU
		{462F33B3-4AF0-441C-84DF-A3B17ADFACE4}.Debug|x86.ActiveCfg = Debug|Any CPU
		{462F33B3-4AF0-441C-84DF-A3B17ADFACE4}.Debug|x86.Build.0 = Debug|Any CPU
		{462F33B3-4AF0-441C-84DF-A3B17ADFACE4}.Release|Any CPU.ActiveCfg = Release|Any CPU
		{462F33B3-4AF0-441C-84DF-A3B17ADFACE4}.Release|Any CPU.Build.0 = Release|Any CPU
		{462F33B3-4AF0-441C-84DF-A3B17ADFACE4}.Release|ARM.ActiveCfg = Release|Any CPU
		{462F33B3-4AF0-441C-84DF-A3B17ADFACE4}.Release|ARM.Build.0 = Release|Any CPU
		{462F33B3-4AF0-441C-84DF-A3B17ADFACE4}.Release|ARM64.ActiveCfg = Release|Any CPU
		{462F33B3-4AF0-441C-84DF-A3B17ADFACE4}.Release|ARM64.Build.0 = Release|Any CPU
		{462F33B3-4AF0-441C-84DF-A3B17ADFACE4}.Release|x64.ActiveCfg = Release|Any CPU
		{462F33B3-4AF0-441C-84DF-A3B17ADFACE4}.Release|x64.Build.0 = Release|Any CPU
		{462F33B3-4AF0-441C-84DF-A3B17ADFACE4}.Release|x86.ActiveCfg = Release|Any CPU
		{462F33B3-4AF0-441C-84DF-A3B17ADFACE4}.Release|x86.Build.0 = Release|Any CPU
	EndGlobalSection
	GlobalSection(SolutionProperties) = preSolution
		HideSolutionNode = FALSE
	EndGlobalSection
	GlobalSection(ExtensibilityGlobals) = postSolution
		SolutionGuid = {9A1620D5-5D62-46C1-A878-D5A82C66A121}
	EndGlobalSection
EndGlobal
